
Microsoft Visual Studio Solution File, Format Version 12.00
# Visual Studio Version 16
VisualStudioVersion = 16.0.29613.14
MinimumVisualStudioVersion = 10.0.40219.1
Project("{2150E333-8FDC-42A3-9474-1A3956D46DE8}") = "Solution Items", "Solution Items", "{6A559AEC-40CA-4CAF-BDD4-88E2D1DC700C}"
	ProjectSection(SolutionItems) = preProject
		Readme_OLD.md = Readme_OLD.md
	EndProjectSection
EndProject
Project("{9A19103F-16F7-4668-BE54-9A1E7A4F7556}") = "OldDaemon", "OldDaemon\OldDaemon.csproj", "{61FFB07D-8EA0-4B1A-B9C5-D9FBBADB7A18}"
EndProject
Project("{9A19103F-16F7-4668-BE54-9A1E7A4F7556}") = "DaemonController", "DaemonController\DaemonController.csproj", "{F8B036A1-EF16-4777-BA5C-F4711E250E8F}"
EndProject
Project("{FAE04EC0-301F-11D3-BF4B-00C04F79EFBC}") = "Daemon", "Daemon\Daemon.csproj", "{EB8643B5-2755-4960-821A-2F47C40CD3A5}"
EndProject
Global
	GlobalSection(SolutionConfigurationPlatforms) = preSolution
		Debug|Any CPU = Debug|Any CPU
		Release|Any CPU = Release|Any CPU
	EndGlobalSection
	GlobalSection(ProjectConfigurationPlatforms) = postSolution
		{61FFB07D-8EA0-4B1A-B9C5-D9FBBADB7A18}.Debug|Any CPU.ActiveCfg = Debug|Any CPU
		{61FFB07D-8EA0-4B1A-B9C5-D9FBBADB7A18}.Debug|Any CPU.Build.0 = Debug|Any CPU
		{61FFB07D-8EA0-4B1A-B9C5-D9FBBADB7A18}.Release|Any CPU.ActiveCfg = Release|Any CPU
		{61FFB07D-8EA0-4B1A-B9C5-D9FBBADB7A18}.Release|Any CPU.Build.0 = Release|Any CPU
		{F8B036A1-EF16-4777-BA5C-F4711E250E8F}.Debug|Any CPU.ActiveCfg = Debug|Any CPU
		{F8B036A1-EF16-4777-BA5C-F4711E250E8F}.Debug|Any CPU.Build.0 = Debug|Any CPU
		{F8B036A1-EF16-4777-BA5C-F4711E250E8F}.Release|Any CPU.ActiveCfg = Release|Any CPU
		{F8B036A1-EF16-4777-BA5C-F4711E250E8F}.Release|Any CPU.Build.0 = Release|Any CPU
		{EB8643B5-2755-4960-821A-2F47C40CD3A5}.Debug|Any CPU.ActiveCfg = Debug|Any CPU
		{EB8643B5-2755-4960-821A-2F47C40CD3A5}.Debug|Any CPU.Build.0 = Debug|Any CPU
		{EB8643B5-2755-4960-821A-2F47C40CD3A5}.Release|Any CPU.ActiveCfg = Release|Any CPU
		{EB8643B5-2755-4960-821A-2F47C40CD3A5}.Release|Any CPU.Build.0 = Release|Any CPU
	EndGlobalSection
	GlobalSection(SolutionProperties) = preSolution
		HideSolutionNode = FALSE
	EndGlobalSection
	GlobalSection(ExtensibilityGlobals) = postSolution
		SolutionGuid = {0E242F5D-8C79-49E2-B5B8-877E0AEE849D}
	EndGlobalSection
EndGlobal
